<?xml version="1.0" encoding="UTF-8" standalone="yes" ?>
<CodeBlocks_project_file>
	<FileVersion major="1" minor="6" />
	<Project>
		<Option title="nodoU" />
		<Option pch_mode="2" />
		<Option compiler="gcc" />
		<Build>
			<Target title="Debug">
				<Option output="bin/Debug/nodoU" prefix_auto="1" extension_auto="1" />
				<Option object_output="obj/Debug/" />
				<Option type="1" />
				<Option compiler="gcc" />
				<Compiler>
					<Add option="-g" />
				</Compiler>
			</Target>
			<Target title="Release">
				<Option output="bin/Release/nodoU" prefix_auto="1" extension_auto="1" />
				<Option object_output="obj/Release/" />
				<Option type="1" />
				<Option compiler="gcc" />
				<Compiler>
					<Add option="-O2" />
				</Compiler>
				<Linker>
					<Add option="-s" />
				</Linker>
			</Target>
		</Build>
		<Compiler>
			<Add option="-Wall" />
			<Add option="-fexceptions" />
		</Compiler>
		<Unit filename="M_esparsa.cpp" />
		<Unit filename="M_esparsa.h" />
		<Unit filename="Nodo.cpp" />
		<Unit filename="Nodo.h" />
		<Unit filename="Nodo_cell.cpp" />
		<Unit filename="Nodo_cell.h" />
		<Unit filename="Nodo_number.cpp" />
		<Unit filename="Nodo_number.h" />
		<Unit filename="Nodo_operador.cpp" />
		<Unit filename="Nodo_operador.h" />
		<Unit filename="arbolB.cpp" />
		<Unit filename="arbolB.h" />
		<Unit filename="celda.cpp" />
		<Unit filename="celda.h" />
		<Unit filename="funciones.h" />
		<Unit filename="main.cpp" />
		<Unit filename="operador.cpp" />
		<Unit filename="operador.h" />
		<Unit filename="parser.cpp" />
		<Unit filename="parser.h" />
		<Extensions>
			<code_completion />
			<envvars />
			<debugger />
			<lib_finder disable_auto="1" />
		</Extensions>
	</Project>
</CodeBlocks_project_file>
